
Microsoft Visual Studio Solution File, Format Version 12.00
# Visual Studio Version 17
VisualStudioVersion = 17.4.33213.308
MinimumVisualStudioVersion = 10.0.40219.1
Project("{FAE04EC0-301F-11D3-BF4B-00C04F79EFBC}") = "API_REST", "API_REST\API_REST.csproj", "{43BAA1FD-B532-4F9E-B677-B22428AD3994}"
EndProject
Global
	GlobalSection(SolutionConfigurationPlatforms) = preSolution
		Debug|Any CPU = Debug|Any CPU
		Release|Any CPU = Release|Any CPU
	EndGlobalSection
	GlobalSection(ProjectConfigurationPlatforms) = postSolution
		{43BAA1FD-B532-4F9E-B677-B22428AD3994}.Debug|Any CPU.ActiveCfg = Debug|Any CPU
		{43BAA1FD-B532-4F9E-B677-B22428AD3994}.Debug|Any CPU.Build.0 = Debug|Any CPU
		{43BAA1FD-B532-4F9E-B677-B22428AD3994}.Release|Any CPU.ActiveCfg = Release|Any CPU
		{43BAA1FD-B532-4F9E-B677-B22428AD3994}.Release|Any CPU.Build.0 = Release|Any CPU
	EndGlobalSection
	GlobalSection(SolutionProperties) = preSolution
		HideSolutionNode = FALSE
	EndGlobalSection
	GlobalSection(ExtensibilityGlobals) = postSolution
		SolutionGuid = {52718F98-BE6C-40A3-8168-00FE25322B7F}
	EndGlobalSection
EndGlobal
